
Microsoft Visual Studio Solution File, Format Version 12.00
# Visual Studio Version 17
VisualStudioVersion = 17.14.36603.0
MinimumVisualStudioVersion = 10.0.40219.1
Project("{FAE04EC0-301F-11D3-BF4B-00C04F79EFBC}") = "SalahlyProject", "SalahlyProject\SalahlyProject.csproj", "{8D2E60CF-70C9-4836-88DA-D0FD1C9821DC}"
EndProject
Project("{FAE04EC0-301F-11D3-BF4B-00C04F79EFBC}") = "Salahly.DAL", "Salahly.DAL\Salahly.DAL.csproj", "{91A21293-D951-4A0D-86D9-51F7A6D501A6}"
EndProject
Project("{FAE04EC0-301F-11D3-BF4B-00C04F79EFBC}") = "Salahly.DSL", "Salahly.DSL\Salahly.DSL.csproj", "{65763677-6E45-4696-9AED-7632DF8E871D}"
EndProject
Global
	GlobalSection(SolutionConfigurationPlatforms) = preSolution
		Debug|Any CPU = Debug|Any CPU
		Release|Any CPU = Release|Any CPU
	EndGlobalSection
	GlobalSection(ProjectConfigurationPlatforms) = postSolution
		{8D2E60CF-70C9-4836-88DA-D0FD1C9821DC}.Debug|Any CPU.ActiveCfg = Debug|Any CPU
		{8D2E60CF-70C9-4836-88DA-D0FD1C9821DC}.Debug|Any CPU.Build.0 = Debug|Any CPU
		{8D2E60CF-70C9-4836-88DA-D0FD1C9821DC}.Release|Any CPU.ActiveCfg = Release|Any CPU
		{8D2E60CF-70C9-4836-88DA-D0FD1C9821DC}.Release|Any CPU.Build.0 = Release|Any CPU
		{91A21293-D951-4A0D-86D9-51F7A6D501A6}.Debug|Any CPU.ActiveCfg = Debug|Any CPU
		{91A21293-D951-4A0D-86D9-51F7A6D501A6}.Debug|Any CPU.Build.0 = Debug|Any CPU
		{91A21293-D951-4A0D-86D9-51F7A6D501A6}.Release|Any CPU.ActiveCfg = Release|Any CPU
		{91A21293-D951-4A0D-86D9-51F7A6D501A6}.Release|Any CPU.Build.0 = Release|Any CPU
		{65763677-6E45-4696-9AED-7632DF8E871D}.Debug|Any CPU.ActiveCfg = Debug|Any CPU
		{65763677-6E45-4696-9AED-7632DF8E871D}.Debug|Any CPU.Build.0 = Debug|Any CPU
		{65763677-6E45-4696-9AED-7632DF8E871D}.Release|Any CPU.ActiveCfg = Release|Any CPU
		{65763677-6E45-4696-9AED-7632DF8E871D}.Release|Any CPU.Build.0 = Release|Any CPU
	EndGlobalSection
	GlobalSection(SolutionProperties) = preSolution
		HideSolutionNode = FALSE
	EndGlobalSection
	GlobalSection(ExtensibilityGlobals) = postSolution
		SolutionGuid = {F9088F41-75E1-4CD1-8939-9D7023D4203C}
	EndGlobalSection
EndGlobal
